github.com/hymkor/go-lazy v0.5.0 h1:X5YGZ33G9PHkTZW5t58ZtSaPce4b/X8b8DMHDOPKB/A=
github.com/hymkor/go-lazy v0.5.0/go.mod h1:7weoQ6ibzJeNdZ6sj50tjiCv0bJdQeXXXo2EMGm8tH4=
golang.org/x/sys v0.13.0 h1:Af8nKPmuFypiUBjVoU9V20FiaFXOcuZI21p0ycVYYGE=
golang.org/x/sys v0.13.0/go.mod h1:oPkhp1MJrh7nUepCBck5+mAzfO9JrbApNNgaTdGDITg=
golang.org/x/term v0.8.0 h1:n5xxQn2i3PC0yLAbjTpNT85q/Kgzcr2gIoX9OrJUols=
golang.org/x/term v0.8.0/go.mod h1:xPskH00ivmX89bAKVGSKKtLOWNx2+17Eiy94tnKShWo=
